
Microsoft Visual Studio Solution File, Format Version 12.00
# Visual Studio Version 16
VisualStudioVersion = 16.0.30204.135
MinimumVisualStudioVersion = 10.0.40219.1
Project("{9A19103F-16F7-4668-BE54-9A1E7A4F7556}") = "ClientsManager.WebAPI", "ClientsManager.WebAPI\ClientsManager.WebAPI.csproj", "{137646A1-7F47-4C23-A61E-9AD1A8CCF928}"
EndProject
Project("{9A19103F-16F7-4668-BE54-9A1E7A4F7556}") = "ClientsManager.Models", "ClientsManager.Models\ClientsManager.Models.csproj", "{3F69BD98-5E4F-4FB9-9F64-C66C749F43A7}"
EndProject
Project("{9A19103F-16F7-4668-BE54-9A1E7A4F7556}") = "ClientsManager.Data", "ClientsManager.Data\ClientsManager.Data.csproj", "{BC4F126C-7505-4339-AA3F-E56D9409B402}"
EndProject
Project("{FAE04EC0-301F-11D3-BF4B-00C04F79EFBC}") = "ClientsManager.Tests", "ClientsManager.Tests\ClientsManager.Tests.csproj", "{5B6FBC60-1BBC-47C8-A0B1-29DB049DC4C2}"
EndProject
Global
	GlobalSection(SolutionConfigurationPlatforms) = preSolution
		Debug|Any CPU = Debug|Any CPU
		Release|Any CPU = Release|Any CPU
	EndGlobalSection
	GlobalSection(ProjectConfigurationPlatforms) = postSolution
		{137646A1-7F47-4C23-A61E-9AD1A8CCF928}.Debug|Any CPU.ActiveCfg = Debug|Any CPU
		{137646A1-7F47-4C23-A61E-9AD1A8CCF928}.Debug|Any CPU.Build.0 = Debug|Any CPU
		{137646A1-7F47-4C23-A61E-9AD1A8CCF928}.Release|Any CPU.ActiveCfg = Release|Any CPU
		{137646A1-7F47-4C23-A61E-9AD1A8CCF928}.Release|Any CPU.Build.0 = Release|Any CPU
		{3F69BD98-5E4F-4FB9-9F64-C66C749F43A7}.Debug|Any CPU.ActiveCfg = Debug|Any CPU
		{3F69BD98-5E4F-4FB9-9F64-C66C749F43A7}.Debug|Any CPU.Build.0 = Debug|Any CPU
		{3F69BD98-5E4F-4FB9-9F64-C66C749F43A7}.Release|Any CPU.ActiveCfg = Release|Any CPU
		{3F69BD98-5E4F-4FB9-9F64-C66C749F43A7}.Release|Any CPU.Build.0 = Release|Any CPU
		{BC4F126C-7505-4339-AA3F-E56D9409B402}.Debug|Any CPU.ActiveCfg = Debug|Any CPU
		{BC4F126C-7505-4339-AA3F-E56D9409B402}.Debug|Any CPU.Build.0 = Debug|Any CPU
		{BC4F126C-7505-4339-AA3F-E56D9409B402}.Release|Any CPU.ActiveCfg = Release|Any CPU
		{BC4F126C-7505-4339-AA3F-E56D9409B402}.Release|Any CPU.Build.0 = Release|Any CPU
		{5B6FBC60-1BBC-47C8-A0B1-29DB049DC4C2}.Debug|Any CPU.ActiveCfg = Debug|Any CPU
		{5B6FBC60-1BBC-47C8-A0B1-29DB049DC4C2}.Debug|Any CPU.Build.0 = Debug|Any CPU
		{5B6FBC60-1BBC-47C8-A0B1-29DB049DC4C2}.Release|Any CPU.ActiveCfg = Release|Any CPU
		{5B6FBC60-1BBC-47C8-A0B1-29DB049DC4C2}.Release|Any CPU.Build.0 = Release|Any CPU
	EndGlobalSection
	GlobalSection(SolutionProperties) = preSolution
		HideSolutionNode = FALSE
	EndGlobalSection
	GlobalSection(ExtensibilityGlobals) = postSolution
		SolutionGuid = {0A3677E6-4234-488C-A01C-9FBCDE8716F9}
	EndGlobalSection
EndGlobal
